
Microsoft Visual Studio Solution File, Format Version 12.00
# Visual Studio 15
VisualStudioVersion = 15.0.26403.7
MinimumVisualStudioVersion = 10.0.40219.1
Project("{8BC9CEB8-8B4A-11D0-8D11-00A0C91BC942}") = "ESP8266Webduino", "ESP8266Webduino.vcxproj", "{C5F80730-F44F-4478-BDAE-6634EFC2CA88}"
EndProject
Project("{FAE04EC0-301F-11D3-BF4B-00C04F79EFBC}") = "WindowsFormsApplication1", "..\WindowsFormsApplication1\WindowsFormsApplication1.csproj", "{AFC3944E-ACB1-4120-9980-820515F5CACC}"
EndProject
Project("{8BC9CEB8-8B4A-11D0-8D11-00A0C91BC942}") = "testwifi", "..\testwifi\testwifi.vcxproj", "{279A191C-DC4E-4B2A-BAAB-99214E99104B}"
EndProject
Project("{8BC9CEB8-8B4A-11D0-8D11-00A0C91BC942}") = "mqttclient", "..\..\..\Documents\Arduino\mqttclient\mqttclient.vcxproj", "{CAD7D5E6-4CC7-4BED-BCF1-26E4E923F4B2}"
EndProject
Global
	GlobalSection(SolutionConfigurationPlatforms) = preSolution
		Debug|Any CPU = Debug|Any CPU
		Debug|Mixed Platforms = Debug|Mixed Platforms
		Debug|Win32 = Debug|Win32
		Release|Any CPU = Release|Any CPU
		Release|Mixed Platforms = Release|Mixed Platforms
		Release|Win32 = Release|Win32
	EndGlobalSection
	GlobalSection(ProjectConfigurationPlatforms) = postSolution
		{C5F80730-F44F-4478-BDAE-6634EFC2CA88}.Debug|Any CPU.ActiveCfg = Debug|Win32
		{C5F80730-F44F-4478-BDAE-6634EFC2CA88}.Debug|Mixed Platforms.ActiveCfg = Debug|Win32
		{C5F80730-F44F-4478-BDAE-6634EFC2CA88}.Debug|Mixed Platforms.Build.0 = Debug|Win32
		{C5F80730-F44F-4478-BDAE-6634EFC2CA88}.Debug|Win32.ActiveCfg = Debug|Win32
		{C5F80730-F44F-4478-BDAE-6634EFC2CA88}.Debug|Win32.Build.0 = Debug|Win32
		{C5F80730-F44F-4478-BDAE-6634EFC2CA88}.Release|Any CPU.ActiveCfg = Release|Win32
		{C5F80730-F44F-4478-BDAE-6634EFC2CA88}.Release|Mixed Platforms.ActiveCfg = Release|Win32
		{C5F80730-F44F-4478-BDAE-6634EFC2CA88}.Release|Mixed Platforms.Build.0 = Release|Win32
		{C5F80730-F44F-4478-BDAE-6634EFC2CA88}.Release|Win32.ActiveCfg = Release|Win32
		{C5F80730-F44F-4478-BDAE-6634EFC2CA88}.Release|Win32.Build.0 = Release|Win32
		{AFC3944E-ACB1-4120-9980-820515F5CACC}.Debug|Any CPU.ActiveCfg = Debug|Any CPU
		{AFC3944E-ACB1-4120-9980-820515F5CACC}.Debug|Any CPU.Build.0 = Debug|Any CPU
		{AFC3944E-ACB1-4120-9980-820515F5CACC}.Debug|Mixed Platforms.ActiveCfg = Debug|Any CPU
		{AFC3944E-ACB1-4120-9980-820515F5CACC}.Debug|Mixed Platforms.Build.0 = Debug|Any CPU
		{AFC3944E-ACB1-4120-9980-820515F5CACC}.Debug|Win32.ActiveCfg = Debug|Any CPU
		{AFC3944E-ACB1-4120-9980-820515F5CACC}.Release|Any CPU.ActiveCfg = Release|Any CPU
		{AFC3944E-ACB1-4120-9980-820515F5CACC}.Release|Any CPU.Build.0 = Release|Any CPU
		{AFC3944E-ACB1-4120-9980-820515F5CACC}.Release|Mixed Platforms.ActiveCfg = Release|Any CPU
		{AFC3944E-ACB1-4120-9980-820515F5CACC}.Release|Mixed Platforms.Build.0 = Release|Any CPU
		{AFC3944E-ACB1-4120-9980-820515F5CACC}.Release|Win32.ActiveCfg = Release|Any CPU
		{279A191C-DC4E-4B2A-BAAB-99214E99104B}.Debug|Any CPU.ActiveCfg = Debug|Win32
		{279A191C-DC4E-4B2A-BAAB-99214E99104B}.Debug|Mixed Platforms.ActiveCfg = Debug|Win32
		{279A191C-DC4E-4B2A-BAAB-99214E99104B}.Debug|Mixed Platforms.Build.0 = Debug|Win32
		{279A191C-DC4E-4B2A-BAAB-99214E99104B}.Debug|Win32.ActiveCfg = Debug|Win32
		{279A191C-DC4E-4B2A-BAAB-99214E99104B}.Debug|Win32.Build.0 = Debug|Win32
		{279A191C-DC4E-4B2A-BAAB-99214E99104B}.Release|Any CPU.ActiveCfg = Release|Win32
		{279A191C-DC4E-4B2A-BAAB-99214E99104B}.Release|Mixed Platforms.ActiveCfg = Release|Win32
		{279A191C-DC4E-4B2A-BAAB-99214E99104B}.Release|Mixed Platforms.Build.0 = Release|Win32
		{279A191C-DC4E-4B2A-BAAB-99214E99104B}.Release|Win32.ActiveCfg = Release|Win32
		{279A191C-DC4E-4B2A-BAAB-99214E99104B}.Release|Win32.Build.0 = Release|Win32
		{CAD7D5E6-4CC7-4BED-BCF1-26E4E923F4B2}.Debug|Any CPU.ActiveCfg = Debug|Win32
		{CAD7D5E6-4CC7-4BED-BCF1-26E4E923F4B2}.Debug|Mixed Platforms.ActiveCfg = Debug|Win32
		{CAD7D5E6-4CC7-4BED-BCF1-26E4E923F4B2}.Debug|Mixed Platforms.Build.0 = Debug|Win32
		{CAD7D5E6-4CC7-4BED-BCF1-26E4E923F4B2}.Debug|Win32.ActiveCfg = Debug|Win32
		{CAD7D5E6-4CC7-4BED-BCF1-26E4E923F4B2}.Debug|Win32.Build.0 = Debug|Win32
		{CAD7D5E6-4CC7-4BED-BCF1-26E4E923F4B2}.Release|Any CPU.ActiveCfg = Release|Win32
		{CAD7D5E6-4CC7-4BED-BCF1-26E4E923F4B2}.Release|Mixed Platforms.ActiveCfg = Release|Win32
		{CAD7D5E6-4CC7-4BED-BCF1-26E4E923F4B2}.Release|Mixed Platforms.Build.0 = Release|Win32
		{CAD7D5E6-4CC7-4BED-BCF1-26E4E923F4B2}.Release|Win32.ActiveCfg = Release|Win32
		{CAD7D5E6-4CC7-4BED-BCF1-26E4E923F4B2}.Release|Win32.Build.0 = Release|Win32
	EndGlobalSection
	GlobalSection(SolutionProperties) = preSolution
		HideSolutionNode = FALSE
	EndGlobalSection
EndGlobal
