<?xml version="1.0" encoding="utf-8"?>
<Project ToolsVersion="4.0" xmlns="http://schemas.microsoft.com/developer/msbuild/2003">
  <ItemGroup>
    <Filter Include="Source Files">
      <UniqueIdentifier>{4FC737F1-C7A5-4376-A066-2A32D752A2FF}</UniqueIdentifier>
      <Extensions>cpp;c;cc;cxx;def;odl;idl;hpj;bat;asm;asmx</Extensions>
    </Filter>
    <Filter Include="Header Files">
      <UniqueIdentifier>{93995380-89BD-4b04-88EB-625FBE52EBFB}</UniqueIdentifier>
      <Extensions>h;hh;hpp;hxx;hm;inl;inc;xsd</Extensions>
    </Filter>
    <Filter Include="Resource Files">
      <UniqueIdentifier>{67DA6AB6-F800-4c08-8B7A-83BB121AAD01}</UniqueIdentifier>
      <Extensions>rc;ico;cur;bmp;dlg;rc2;rct;bin;rgs;gif;jpg;jpeg;jpe;resx;tiff;tif;png;wav;mfcribbon-ms</Extensions>
    </Filter>
    <Filter Include="html">
      <UniqueIdentifier>{25780139-20d3-4098-9edc-b6a2bcc9b4c9}</UniqueIdentifier>
    </Filter>
    <Filter Include="Header Files\data">
      <UniqueIdentifier>{aa714cc4-e968-4841-ad78-da0440c2a722}</UniqueIdentifier>
    </Filter>
  </ItemGroup>
  <ItemGroup>
    <None Include="ESP8266Webduino.ino" />
    <None Include="ESP8266.css" />
    <None Include="html\button.css">
      <Filter>html</Filter>
    </None>
    <None Include="html\ESP8266.css">
      <Filter>html</Filter>
    </None>
    <None Include="html\heater.html">
      <Filter>html</Filter>
    </None>
    <None Include="html\heater.js">
      <Filter>html</Filter>
    </None>
    <None Include="html\heaterstatus">
      <Filter>html</Filter>
    </None>
    <None Include="html\index.html">
      <Filter>html</Filter>
    </None>
    <None Include="html\index.js">
      <Filter>html</Filter>
    </None>
    <None Include="html\settings.html">
      <Filter>html</Filter>
    </None>
    <None Include="html\settings.js">
      <Filter>html</Filter>
    </None>
    <None Include="html\webduino.js">
      <Filter>html</Filter>
    </None>
    <None Include="gulpfile - Copia.js" />
    <None Include="gulpfile.js" />
    <None Include="package.json" />
    <None Include="data\heater.html">
      <Filter>Header Files\data</Filter>
    </None>
    <None Include="data\index.html">
      <Filter>Header Files\data</Filter>
    </None>
    <None Include="data\settings.html">
      <Filter>Header Files\data</Filter>
    </None>
    <None Include="data\temperature.html">
      <Filter>Header Files\data</Filter>
    </None>
  </ItemGroup>
  <ItemGroup>
    <ClInclude Include="__vm\.ESP8266Webduino.vsarduino.h">
      <Filter>Header Files</Filter>
    </ClInclude>
    <ClInclude Include="wol.h">
      <Filter>Source Files</Filter>
    </ClInclude>
    <ClInclude Include="HttpHelper.h">
      <Filter>Header Files</Filter>
    </ClInclude>
    <ClInclude Include="JSON.h">
      <Filter>Header Files</Filter>
    </ClInclude>
    <ClInclude Include="Command.h">
      <Filter>Header Files</Filter>
    </ClInclude>
    <ClInclude Include="Program.h">
      <Filter>Header Files</Filter>
    </ClInclude>
    <ClInclude Include="Util.h">
      <Filter>Header Files</Filter>
    </ClInclude>
    <ClInclude Include="Logger.h">
      <Filter>Header Files</Filter>
    </ClInclude>
    <ClInclude Include="Actuator.h">
      <Filter>Header Files</Filter>
    </ClInclude>
    <ClInclude Include="Sensor.h">
      <Filter>Header Files</Filter>
    </ClInclude>
    <ClInclude Include="List.h">
      <Filter>Header Files</Filter>
    </ClInclude>
    <ClInclude Include="Shield.h">
      <Filter>Header Files</Filter>
    </ClInclude>
    <ClInclude Include="ESP8266Webduino.h">
      <Filter>Header Files</Filter>
    </ClInclude>
    <ClInclude Include="HtmlFileClass.h">
      <Filter>Header Files</Filter>
    </ClInclude>
    <ClInclude Include="html.h">
      <Filter>Header Files</Filter>
    </ClInclude>
    <ClInclude Include="POSTData.h">
      <Filter>Header Files</Filter>
    </ClInclude>
    <ClInclude Include="HttpRequest.h">
      <Filter>Header Files</Filter>
    </ClInclude>
    <ClInclude Include="ESPWebServer.h">
      <Filter>Header Files</Filter>
    </ClInclude>
    <ClInclude Include="HttpResponse.h">
      <Filter>Header Files</Filter>
    </ClInclude>
    <ClInclude Include="ESPDisplay.h">
      <Filter>Header Files</Filter>
    </ClInclude>
    <ClInclude Include="TFTDisplay.h">
      <Filter>Header Files</Filter>
    </ClInclude>
    <ClInclude Include="DoorSensor.h">
      <Filter>Header Files</Filter>
    </ClInclude>
    <ClInclude Include="JSONArray.h">
      <Filter>Header Files</Filter>
    </ClInclude>
    <ClInclude Include="OnewireSensor.h">
      <Filter>Header Files</Filter>
    </ClInclude>
    <ClInclude Include="ObjectClass.h">
      <Filter>Header Files</Filter>
    </ClInclude>
    <ClInclude Include="stdafx.h">
      <Filter>Header Files</Filter>
    </ClInclude>
    <ClInclude Include="JSONArrayObject.h">
      <Filter>Header Files</Filter>
    </ClInclude>
    <ClInclude Include="JSONArrayValue.h">
      <Filter>Header Files</Filter>
    </ClInclude>
    <ClInclude Include="JSONBoolValue.h">
      <Filter>Header Files</Filter>
    </ClInclude>
    <ClInclude Include="JSONFloatValue.h">
      <Filter>Header Files</Filter>
    </ClInclude>
    <ClInclude Include="JSONIntegerValue.h">
      <Filter>Header Files</Filter>
    </ClInclude>
    <ClInclude Include="JSONObject.h">
      <Filter>Header Files</Filter>
    </ClInclude>
    <ClInclude Include="JSONStringValue.h">
      <Filter>Header Files</Filter>
    </ClInclude>
    <ClInclude Include="JSONValue.h">
      <Filter>Header Files</Filter>
    </ClInclude>
    <ClInclude Include="Tokener.h">
      <Filter>Header Files</Filter>
    </ClInclude>
    <ClInclude Include="Emulator\ESPEmulator.h">
      <Filter>Header Files</Filter>
    </ClInclude>
    <ClInclude Include="MQTTClientClass.h">
      <Filter>Header Files</Filter>
    </ClInclude>
    <ClInclude Include="TemperatureSensor.h">
      <Filter>Header Files</Filter>
    </ClInclude>
    <ClInclude Include="SensorFactory.h">
      <Filter>Header Files</Filter>
    </ClInclude>
    <ClInclude Include="MyEPROMClass.h">
      <Filter>Header Files</Filter>
    </ClInclude>
    <ClInclude Include="HeaterSensor.h">
      <Filter>Header Files</Filter>
    </ClInclude>
    <ClInclude Include="CommandResponse.h">
      <Filter>Header Files</Filter>
    </ClInclude>
    <ClInclude Include="HornSensor.h">
      <Filter>Header Files</Filter>
    </ClInclude>
  </ItemGroup>
  <ItemGroup>
    <ClCompile Include="wol.cpp">
      <Filter>Source Files</Filter>
    </ClCompile>
    <ClCompile Include="HttpHelper.cpp">
      <Filter>Source Files</Filter>
    </ClCompile>
    <ClCompile Include="JSON.cpp">
      <Filter>Source Files</Filter>
    </ClCompile>
    <ClCompile Include="Command.cpp">
      <Filter>Source Files</Filter>
    </ClCompile>
    <ClCompile Include="Program.cpp">
      <Filter>Source Files</Filter>
    </ClCompile>
    <ClCompile Include="Util.cpp">
      <Filter>Source Files</Filter>
    </ClCompile>
    <ClCompile Include="Logger.cpp">
      <Filter>Source Files</Filter>
    </ClCompile>
    <ClCompile Include="Actuator.cpp">
      <Filter>Source Files</Filter>
    </ClCompile>
    <ClCompile Include="Sensor.cpp">
      <Filter>Source Files</Filter>
    </ClCompile>
    <ClCompile Include="List.cpp">
      <Filter>Source Files</Filter>
    </ClCompile>
    <ClCompile Include="Shield.cpp">
      <Filter>Source Files</Filter>
    </ClCompile>
    <ClCompile Include="HtmlFileClass.cpp">
      <Filter>Source Files</Filter>
    </ClCompile>
    <ClCompile Include="POSTData.cpp">
      <Filter>Source Files</Filter>
    </ClCompile>
    <ClCompile Include="HttpRequest.cpp">
      <Filter>Source Files</Filter>
    </ClCompile>
    <ClCompile Include="ESPWebServer.cpp">
      <Filter>Source Files</Filter>
    </ClCompile>
    <ClCompile Include="HttpResponse.cpp">
      <Filter>Source Files</Filter>
    </ClCompile>
    <ClCompile Include="ESPDisplay.cpp">
      <Filter>Source Files</Filter>
    </ClCompile>
    <ClCompile Include="TFTDisplay.cpp">
      <Filter>Source Files</Filter>
    </ClCompile>
    <ClCompile Include="DoorSensor.cpp">
      <Filter>Source Files</Filter>
    </ClCompile>
    <ClCompile Include="JSONArray.cpp">
      <Filter>Source Files</Filter>
    </ClCompile>
    <ClCompile Include="OnewireSensor.cpp">
      <Filter>Source Files</Filter>
    </ClCompile>
    <ClCompile Include="ObjectClass.cpp">
      <Filter>Source Files</Filter>
    </ClCompile>
    <ClCompile Include="JSONArrayObject.cpp">
      <Filter>Source Files</Filter>
    </ClCompile>
    <ClCompile Include="JSONArrayValue.cpp">
      <Filter>Source Files</Filter>
    </ClCompile>
    <ClCompile Include="JSONBoolValue.cpp">
      <Filter>Source Files</Filter>
    </ClCompile>
    <ClCompile Include="JSONFloatValue.cpp">
      <Filter>Source Files</Filter>
    </ClCompile>
    <ClCompile Include="JSONIntegerValue.cpp">
      <Filter>Source Files</Filter>
    </ClCompile>
    <ClCompile Include="JSONObject.cpp">
      <Filter>Source Files</Filter>
    </ClCompile>
    <ClCompile Include="JSONStringValue.cpp">
      <Filter>Source Files</Filter>
    </ClCompile>
    <ClCompile Include="JSONValue.cpp">
      <Filter>Source Files</Filter>
    </ClCompile>
    <ClCompile Include="Tokener.cpp">
      <Filter>Source Files</Filter>
    </ClCompile>
    <ClCompile Include="MQTTClientClass.cpp">
      <Filter>Source Files</Filter>
    </ClCompile>
    <ClCompile Include="TemperatureSensor.cpp">
      <Filter>Source Files</Filter>
    </ClCompile>
    <ClCompile Include="SensorFactory.cpp">
      <Filter>Source Files</Filter>
    </ClCompile>
    <ClCompile Include="MyEPROMClass.cpp">
      <Filter>Source Files</Filter>
    </ClCompile>
    <ClCompile Include="HeaterSensor.cpp">
      <Filter>Source Files</Filter>
    </ClCompile>
    <ClCompile Include="CommandResponse.cpp">
      <Filter>Source Files</Filter>
    </ClCompile>
    <ClCompile Include="HornSensor.cpp">
      <Filter>Source Files</Filter>
    </ClCompile>
  </ItemGroup>
</Project>